
Microsoft Visual Studio Solution File, Format Version 12.00
# Visual Studio Version 17
VisualStudioVersion = 17.4.33205.214
MinimumVisualStudioVersion = 10.0.40219.1
Project("{9A19103F-16F7-4668-BE54-9A1E7A4F7556}") = "Chat.WebAPI", "ChatAPI\Chat.WebAPI.csproj", "{970FB570-A70D-4EF9-BEB4-B68B383E2D21}"
	ProjectSection(ProjectDependencies) = postProject
		{59D648E3-01E8-4275-9E8E-801AF84264ED} = {59D648E3-01E8-4275-9E8E-801AF84264ED}
	EndProjectSection
EndProject
Project("{9A19103F-16F7-4668-BE54-9A1E7A4F7556}") = "Chat.WPFClient", "WPFClient\Chat.WPFClient.csproj", "{FAF34142-6EF8-45B4-A057-B3F360EF8D32}"
EndProject
Project("{FAE04EC0-301F-11D3-BF4B-00C04F79EFBC}") = "Chat.Core", "Chat.Core\Chat.Core.csproj", "{59D648E3-01E8-4275-9E8E-801AF84264ED}"
EndProject
Project("{FAE04EC0-301F-11D3-BF4B-00C04F79EFBC}") = "Chat.ConsoleClientListener", "Chat.ConsoleClientListener\Chat.ConsoleClientListener.csproj", "{BE68CF91-7BE4-4031-86AF-E760C74BF2EA}"
EndProject
Project("{FAE04EC0-301F-11D3-BF4B-00C04F79EFBC}") = "Chat.WebAPIClientLibrary", "Chat.WebAPIClientLibrary\Chat.WebAPIClientLibrary.csproj", "{B56A1C8D-2C45-4FDE-9702-893199D167A1}"
EndProject
Global
	GlobalSection(SolutionConfigurationPlatforms) = preSolution
		Debug|Any CPU = Debug|Any CPU
		Release|Any CPU = Release|Any CPU
	EndGlobalSection
	GlobalSection(ProjectConfigurationPlatforms) = postSolution
		{970FB570-A70D-4EF9-BEB4-B68B383E2D21}.Debug|Any CPU.ActiveCfg = Debug|Any CPU
		{970FB570-A70D-4EF9-BEB4-B68B383E2D21}.Debug|Any CPU.Build.0 = Debug|Any CPU
		{970FB570-A70D-4EF9-BEB4-B68B383E2D21}.Release|Any CPU.ActiveCfg = Release|Any CPU
		{970FB570-A70D-4EF9-BEB4-B68B383E2D21}.Release|Any CPU.Build.0 = Release|Any CPU
		{FAF34142-6EF8-45B4-A057-B3F360EF8D32}.Debug|Any CPU.ActiveCfg = Debug|Any CPU
		{FAF34142-6EF8-45B4-A057-B3F360EF8D32}.Debug|Any CPU.Build.0 = Debug|Any CPU
		{FAF34142-6EF8-45B4-A057-B3F360EF8D32}.Release|Any CPU.ActiveCfg = Release|Any CPU
		{FAF34142-6EF8-45B4-A057-B3F360EF8D32}.Release|Any CPU.Build.0 = Release|Any CPU
		{59D648E3-01E8-4275-9E8E-801AF84264ED}.Debug|Any CPU.ActiveCfg = Debug|Any CPU
		{59D648E3-01E8-4275-9E8E-801AF84264ED}.Debug|Any CPU.Build.0 = Debug|Any CPU
		{59D648E3-01E8-4275-9E8E-801AF84264ED}.Release|Any CPU.ActiveCfg = Release|Any CPU
		{59D648E3-01E8-4275-9E8E-801AF84264ED}.Release|Any CPU.Build.0 = Release|Any CPU
		{BE68CF91-7BE4-4031-86AF-E760C74BF2EA}.Debug|Any CPU.ActiveCfg = Debug|Any CPU
		{BE68CF91-7BE4-4031-86AF-E760C74BF2EA}.Debug|Any CPU.Build.0 = Debug|Any CPU
		{BE68CF91-7BE4-4031-86AF-E760C74BF2EA}.Release|Any CPU.ActiveCfg = Release|Any CPU
		{BE68CF91-7BE4-4031-86AF-E760C74BF2EA}.Release|Any CPU.Build.0 = Release|Any CPU
		{B56A1C8D-2C45-4FDE-9702-893199D167A1}.Debug|Any CPU.ActiveCfg = Debug|Any CPU
		{B56A1C8D-2C45-4FDE-9702-893199D167A1}.Debug|Any CPU.Build.0 = Debug|Any CPU
		{B56A1C8D-2C45-4FDE-9702-893199D167A1}.Release|Any CPU.ActiveCfg = Release|Any CPU
		{B56A1C8D-2C45-4FDE-9702-893199D167A1}.Release|Any CPU.Build.0 = Release|Any CPU
	EndGlobalSection
	GlobalSection(SolutionProperties) = preSolution
		HideSolutionNode = FALSE
	EndGlobalSection
	GlobalSection(ExtensibilityGlobals) = postSolution
		SolutionGuid = {AB417D67-F6A1-40B1-B5BC-9BE17C3C4DE9}
	EndGlobalSection
EndGlobal
